
Microsoft Visual Studio Solution File, Format Version 12.00
# Visual Studio Version 17
VisualStudioVersion = 17.14.36603.0 d17.14
MinimumVisualStudioVersion = 10.0.40219.1
Project("{8BC9CEB8-8B4A-11D0-8D11-00A0C91BC942}") = "Nova Imperium 1.3", "Nova Imperium 1.3\Nova Imperium 1.3.vcxproj", "{5C10A8F5-23DE-437B-874F-8B478126F16E}"
EndProject
Global
	GlobalSection(SolutionConfigurationPlatforms) = preSolution
		Debug|x64 = Debug|x64
		Debug|x86 = Debug|x86
		Release|x64 = Release|x64
		Release|x86 = Release|x86
	EndGlobalSection
	GlobalSection(ProjectConfigurationPlatforms) = postSolution
		{5C10A8F5-23DE-437B-874F-8B478126F16E}.Debug|x64.ActiveCfg = Debug|x64
		{5C10A8F5-23DE-437B-874F-8B478126F16E}.Debug|x64.Build.0 = Debug|x64
		{5C10A8F5-23DE-437B-874F-8B478126F16E}.Debug|x86.ActiveCfg = Debug|Win32
		{5C10A8F5-23DE-437B-874F-8B478126F16E}.Debug|x86.Build.0 = Debug|Win32
		{5C10A8F5-23DE-437B-874F-8B478126F16E}.Release|x64.ActiveCfg = Release|x64
		{5C10A8F5-23DE-437B-874F-8B478126F16E}.Release|x64.Build.0 = Release|x64
		{5C10A8F5-23DE-437B-874F-8B478126F16E}.Release|x86.ActiveCfg = Release|Win32
		{5C10A8F5-23DE-437B-874F-8B478126F16E}.Release|x86.Build.0 = Release|Win32
	EndGlobalSection
	GlobalSection(SolutionProperties) = preSolution
		HideSolutionNode = FALSE
	EndGlobalSection
	GlobalSection(ExtensibilityGlobals) = postSolution
		SolutionGuid = {7EAD0E12-1170-41FE-BE82-BF47ABD4413C}
	EndGlobalSection
EndGlobal
